
Microsoft Visual Studio Solution File, Format Version 12.00
# Visual Studio 15
VisualStudioVersion = 15.0.27703.2026
MinimumVisualStudioVersion = 10.0.40219.1
Project("{9A19103F-16F7-4668-BE54-9A1E7A4F7556}") = "GeodesicLibrary", "GeodesicLibrary\GeodesicLibrary.csproj", "{DC83C113-6C9B-443C-9FFE-EC4D13372124}"
EndProject
Project("{FAE04EC0-301F-11D3-BF4B-00C04F79EFBC}") = "GeodesicLibraryTests", "GeodesicLibraryTests\GeodesicLibraryTests.csproj", "{77B8885D-312F-4A39-A8CD-90EEB7DE17A1}"
EndProject
Global
	GlobalSection(SolutionConfigurationPlatforms) = preSolution
		Debug|Any CPU = Debug|Any CPU
		Release|Any CPU = Release|Any CPU
	EndGlobalSection
	GlobalSection(ProjectConfigurationPlatforms) = postSolution
		{DC83C113-6C9B-443C-9FFE-EC4D13372124}.Debug|Any CPU.ActiveCfg = Debug|Any CPU
		{DC83C113-6C9B-443C-9FFE-EC4D13372124}.Debug|Any CPU.Build.0 = Debug|Any CPU
		{DC83C113-6C9B-443C-9FFE-EC4D13372124}.Release|Any CPU.ActiveCfg = Release|Any CPU
		{DC83C113-6C9B-443C-9FFE-EC4D13372124}.Release|Any CPU.Build.0 = Release|Any CPU
		{77B8885D-312F-4A39-A8CD-90EEB7DE17A1}.Debug|Any CPU.ActiveCfg = Debug|Any CPU
		{77B8885D-312F-4A39-A8CD-90EEB7DE17A1}.Debug|Any CPU.Build.0 = Debug|Any CPU
		{77B8885D-312F-4A39-A8CD-90EEB7DE17A1}.Release|Any CPU.ActiveCfg = Release|Any CPU
		{77B8885D-312F-4A39-A8CD-90EEB7DE17A1}.Release|Any CPU.Build.0 = Release|Any CPU
	EndGlobalSection
	GlobalSection(SolutionProperties) = preSolution
		HideSolutionNode = FALSE
	EndGlobalSection
	GlobalSection(ExtensibilityGlobals) = postSolution
		SolutionGuid = {F3C140F2-DDC2-45B2-8632-97AAF1190051}
	EndGlobalSection
EndGlobal
